
Microsoft Visual Studio Solution File, Format Version 12.00
# Visual Studio Version 17
VisualStudioVersion = 17.4.33213.308
MinimumVisualStudioVersion = 10.0.40219.1
Project("{FAE04EC0-301F-11D3-BF4B-00C04F79EFBC}") = "Gadz.Crawler.Imobiliario.Core", "Gadz.Crawler.Imobiliario.Core\Gadz.Crawler.Imobiliario.Core.csproj", "{311E63F0-A7BD-44FA-984A-36C49755D33B}"
EndProject
Project("{FAE04EC0-301F-11D3-BF4B-00C04F79EFBC}") = "Gadz.Crawler.Imobiliario", "Gadz.Crawler.Imobiliario\Gadz.Crawler.Imobiliario.csproj", "{D0614DAD-D421-40C2-A848-3880CDA93910}"
EndProject
Global
	GlobalSection(SolutionConfigurationPlatforms) = preSolution
		Debug|Any CPU = Debug|Any CPU
		Release|Any CPU = Release|Any CPU
	EndGlobalSection
	GlobalSection(ProjectConfigurationPlatforms) = postSolution
		{311E63F0-A7BD-44FA-984A-36C49755D33B}.Debug|Any CPU.ActiveCfg = Debug|Any CPU
		{311E63F0-A7BD-44FA-984A-36C49755D33B}.Debug|Any CPU.Build.0 = Debug|Any CPU
		{311E63F0-A7BD-44FA-984A-36C49755D33B}.Release|Any CPU.ActiveCfg = Release|Any CPU
		{311E63F0-A7BD-44FA-984A-36C49755D33B}.Release|Any CPU.Build.0 = Release|Any CPU
		{D0614DAD-D421-40C2-A848-3880CDA93910}.Debug|Any CPU.ActiveCfg = Debug|Any CPU
		{D0614DAD-D421-40C2-A848-3880CDA93910}.Debug|Any CPU.Build.0 = Debug|Any CPU
		{D0614DAD-D421-40C2-A848-3880CDA93910}.Release|Any CPU.ActiveCfg = Release|Any CPU
		{D0614DAD-D421-40C2-A848-3880CDA93910}.Release|Any CPU.Build.0 = Release|Any CPU
	EndGlobalSection
	GlobalSection(SolutionProperties) = preSolution
		HideSolutionNode = FALSE
	EndGlobalSection
	GlobalSection(ExtensibilityGlobals) = postSolution
		SolutionGuid = {18FEED26-F962-4F6F-8691-D79899CF33C4}
	EndGlobalSection
EndGlobal
